// !$*UTF8*$!
{
	archiveVersion = 1;
	classes = {
	};
	objectVersion = 46;
	objects = {

/* Begin PBXBuildFile section */
		4A78D28A158ACEDB00410ABE /* Reachability.m in Sources */ = {isa = PBXBuildFile; fileRef = 4A78D289158ACEDB00410ABE /* Reachability.m */; };
		4A78D28D158ACEE600410ABE /* SystemConfiguration.framework in Frameworks */ = {isa = PBXBuildFile; fileRef = 4A78D28C158ACEE600410ABE /* SystemConfiguration.framework */; };
		4A78D28F158B6A8800410ABE /* Settings.bundle in Resources */ = {isa = PBXBuildFile; fileRef = 4A78D28E158B6A8800410ABE /* Settings.bundle */; };
		4AEFE5BD158A2B6E00D4D627 /* UIKit.framework in Frameworks */ = {isa = PBXBuildFile; fileRef = 4AEFE5BC158A2B6E00D4D627 /* UIKit.framework */; };
		4AEFE5BF158A2B6E00D4D627 /* Foundation.framework in Frameworks */ = {isa = PBXBuildFile; fileRef = 4AEFE5BE158A2B6E00D4D627 /* Foundation.framework */; };
		4AEFE5C1158A2B6E00D4D627 /* CoreGraphics.framework in Frameworks */ = {isa = PBXBuildFile; fileRef = 4AEFE5C0158A2B6E00D4D627 /* CoreGraphics.framework */; };
		4AEFE5C7158A2B6E00D4D627 /* InfoPlist.strings in Resources */ = {isa = PBXBuildFile; fileRef = 4AEFE5C5158A2B6E00D4D627 /* InfoPlist.strings */; };
		4AEFE5C9158A2B6E00D4D627 /* main.m in Sources */ = {isa = PBXBuildFile; fileRef = 4AEFE5C8158A2B6E00D4D627 /* main.m */; };
		4AEFE5CD158A2B6E00D4D627 /* AppDelegate.m in Sources */ = {isa = PBXBuildFile; fileRef = 4AEFE5CC158A2B6E00D4D627 /* AppDelegate.m */; };
		4AEFE5D0158A2B6E00D4D627 /* MainStoryboard.storyboard in Resources */ = {isa = PBXBuildFile; fileRef = 4AEFE5CE158A2B6E00D4D627 /* MainStoryboard.storyboard */; };
		4AEFE5D3158A2B6E00D4D627 /* ViewController.mm in Sources */ = {isa = PBXBuildFile; fileRef = 4AEFE5D2158A2B6E00D4D627 /* ViewController.mm */; };
		4AEFE5F5158A683200D4D627 /* Icon.png in Resources */ = {isa = PBXBuildFile; fileRef = 4AEFE5F4158A683200D4D627 /* Icon.png */; };
/* End PBXBuildFile section */

/* Begin PBXFileReference section */
		4A78D288158ACEDB00410ABE /* Reachability.h */ = {isa = PBXFileReference; fileEncoding = 4; lastKnownFileType = sourcecode.c.h; path = Reachability.h; sourceTree = "<group>"; };
		4A78D289158ACEDB00410ABE /* Reachability.m */ = {isa = PBXFileReference; fileEncoding = 4; lastKnownFileType = sourcecode.c.objc; path = Reachability.m; sourceTree = "<group>"; };
		4A78D28C158ACEE600410ABE /* SystemConfiguration.framework */ = {isa = PBXFileReference; lastKnownFileType = wrapper.framework; name = SystemConfiguration.framework; path = System/Library/Frameworks/SystemConfiguration.framework; sourceTree = SDKROOT; };
		4A78D28E158B6A8800410ABE /* Settings.bundle */ = {isa = PBXFileReference; lastKnownFileType = "wrapper.plug-in"; path = Settings.bundle; sourceTree = "<group>"; };
		4AEFE5B8158A2B6E00D4D627 /* imod.app */ = {isa = PBXFileReference; explicitFileType = wrapper.application; includeInIndex = 0; path = imod.app; sourceTree = BUILT_PRODUCTS_DIR; };
		4AEFE5BC158A2B6E00D4D627 /* UIKit.framework */ = {isa = PBXFileReference; lastKnownFileType = wrapper.framework; name = UIKit.framework; path = System/Library/Frameworks/UIKit.framework; sourceTree = SDKROOT; };
		4AEFE5BE158A2B6E00D4D627 /* Foundation.framework */ = {isa = PBXFileReference; lastKnownFileType = wrapper.framework; name = Foundation.framework; path = System/Library/Frameworks/Foundation.framework; sourceTree = SDKROOT; };
		4AEFE5C0158A2B6E00D4D627 /* CoreGraphics.framework */ = {isa = PBXFileReference; lastKnownFileType = wrapper.framework; name = CoreGraphics.framework; path = System/Library/Frameworks/CoreGraphics.framework; sourceTree = SDKROOT; };
		4AEFE5C4158A2B6E00D4D627 /* imod-Info.plist */ = {isa = PBXFileReference; lastKnownFileType = text.plist.xml; path = "imod-Info.plist"; sourceTree = "<group>"; };
		4AEFE5C6158A2B6E00D4D627 /* en */ = {isa = PBXFileReference; lastKnownFileType = text.plist.strings; name = en; path = en.lproj/InfoPlist.strings; sourceTree = "<group>"; };
		4AEFE5C8158A2B6E00D4D627 /* main.m */ = {isa = PBXFileReference; lastKnownFileType = sourcecode.c.objc; path = main.m; sourceTree = "<group>"; };
		4AEFE5CA158A2B6E00D4D627 /* imod-Prefix.pch */ = {isa = PBXFileReference; lastKnownFileType = sourcecode.c.h; path = "imod-Prefix.pch"; sourceTree = "<group>"; };
		4AEFE5CB158A2B6E00D4D627 /* AppDelegate.h */ = {isa = PBXFileReference; lastKnownFileType = sourcecode.c.h; path = AppDelegate.h; sourceTree = "<group>"; };
		4AEFE5CC158A2B6E00D4D627 /* AppDelegate.m */ = {isa = PBXFileReference; lastKnownFileType = sourcecode.c.objc; path = AppDelegate.m; sourceTree = "<group>"; };
		4AEFE5CF158A2B6E00D4D627 /* en */ = {isa = PBXFileReference; lastKnownFileType = file.storyboard; name = en; path = en.lproj/MainStoryboard.storyboard; sourceTree = "<group>"; };
		4AEFE5D1158A2B6E00D4D627 /* ViewController.h */ = {isa = PBXFileReference; lastKnownFileType = sourcecode.c.h; path = ViewController.h; sourceTree = "<group>"; };
		4AEFE5D2158A2B6E00D4D627 /* ViewController.mm */ = {isa = PBXFileReference; lastKnownFileType = sourcecode.cpp.objcpp; path = ViewController.mm; sourceTree = "<group>"; };
		4AEFE5F4158A683200D4D627 /* Icon.png */ = {isa = PBXFileReference; lastKnownFileType = image.png; path = Icon.png; sourceTree = "<group>"; };
/* End PBXFileReference section */

/* Begin PBXFrameworksBuildPhase section */
		4AEFE5B5158A2B6E00D4D627 /* Frameworks */ = {
			isa = PBXFrameworksBuildPhase;
			buildActionMask = 2147483647;
			files = (
				4A78D28D158ACEE600410ABE /* SystemConfiguration.framework in Frameworks */,
				4AEFE5BD158A2B6E00D4D627 /* UIKit.framework in Frameworks */,
				4AEFE5BF158A2B6E00D4D627 /* Foundation.framework in Frameworks */,
				4AEFE5C1158A2B6E00D4D627 /* CoreGraphics.framework in Frameworks */,
			);
			runOnlyForDeploymentPostprocessing = 0;
		};
/* End PBXFrameworksBuildPhase section */

/* Begin PBXGroup section */
		4AEFE5AD158A2B6E00D4D627 = {
			isa = PBXGroup;
			children = (
				4A78D28C158ACEE600410ABE /* SystemConfiguration.framework */,
				4AEFE5F4158A683200D4D627 /* Icon.png */,
				4AEFE5C2158A2B6E00D4D627 /* imod */,
				4AEFE5BB158A2B6E00D4D627 /* Frameworks */,
				4AEFE5B9158A2B6E00D4D627 /* Products */,
			);
			sourceTree = "<group>";
		};
		4AEFE5B9158A2B6E00D4D627 /* Products */ = {
			isa = PBXGroup;
			children = (
				4AEFE5B8158A2B6E00D4D627 /* imod.app */,
			);
			name = Products;
			sourceTree = "<group>";
		};
		4AEFE5BB158A2B6E00D4D627 /* Frameworks */ = {
			isa = PBXGroup;
			children = (
				4AEFE5BC158A2B6E00D4D627 /* UIKit.framework */,
				4AEFE5BE158A2B6E00D4D627 /* Foundation.framework */,
				4AEFE5C0158A2B6E00D4D627 /* CoreGraphics.framework */,
			);
			name = Frameworks;
			sourceTree = "<group>";
		};
		4AEFE5C2158A2B6E00D4D627 /* imod */ = {
			isa = PBXGroup;
			children = (
				4A78D288158ACEDB00410ABE /* Reachability.h */,
				4A78D289158ACEDB00410ABE /* Reachability.m */,
				4AEFE5CB158A2B6E00D4D627 /* AppDelegate.h */,
				4AEFE5CC158A2B6E00D4D627 /* AppDelegate.m */,
				4AEFE5CE158A2B6E00D4D627 /* MainStoryboard.storyboard */,
				4AEFE5D1158A2B6E00D4D627 /* ViewController.h */,
				4AEFE5D2158A2B6E00D4D627 /* ViewController.mm */,
				4AEFE5C3158A2B6E00D4D627 /* Supporting Files */,
				4A78D28E158B6A8800410ABE /* Settings.bundle */,
			);
			path = imod;
			sourceTree = "<group>";
		};
		4AEFE5C3158A2B6E00D4D627 /* Supporting Files */ = {
			isa = PBXGroup;
			children = (
				4AEFE5C4158A2B6E00D4D627 /* imod-Info.plist */,
				4AEFE5C5158A2B6E00D4D627 /* InfoPlist.strings */,
				4AEFE5C8158A2B6E00D4D627 /* main.m */,
				4AEFE5CA158A2B6E00D4D627 /* imod-Prefix.pch */,
			);
			name = "Supporting Files";
			sourceTree = "<group>";
		};
/* End PBXGroup section */

/* Begin PBXNativeTarget section */
		4AEFE5B7158A2B6E00D4D627 /* imod */ = {
			isa = PBXNativeTarget;
			buildConfigurationList = 4AEFE5D6158A2B6E00D4D627 /* Build configuration list for PBXNativeTarget "imod" */;
			buildPhases = (
				4AEFE5B4158A2B6E00D4D627 /* Sources */,
				4AEFE5B5158A2B6E00D4D627 /* Frameworks */,
				4AEFE5B6158A2B6E00D4D627 /* Resources */,
				50524F424C454D533F /* ShellScript */,
			);
			buildRules = (
			);
			dependencies = (
			);
			name = imod;
			productName = imod;
			productReference = 4AEFE5B8158A2B6E00D4D627 /* imod.app */;
			productType = "com.apple.product-type.application";
		};
/* End PBXNativeTarget section */

/* Begin PBXProject section */
		4AEFE5AF158A2B6E00D4D627 /* Project object */ = {
			isa = PBXProject;
			attributes = {
				LastUpgradeCheck = 0430;
			};
			buildConfigurationList = 4AEFE5B2158A2B6E00D4D627 /* Build configuration list for PBXProject "imod" */;
			compatibilityVersion = "Xcode 3.2";
			developmentRegion = English;
			hasScannedForEncodings = 0;
			knownRegions = (
				en,
			);
			mainGroup = 4AEFE5AD158A2B6E00D4D627;
			productRefGroup = 4AEFE5B9158A2B6E00D4D627 /* Products */;
			projectDirPath = "";
			projectRoot = "";
			targets = (
				4AEFE5B7158A2B6E00D4D627 /* imod */,
			);
		};
/* End PBXProject section */

/* Begin PBXResourcesBuildPhase section */
		4AEFE5B6158A2B6E00D4D627 /* Resources */ = {
			isa = PBXResourcesBuildPhase;
			buildActionMask = 2147483647;
			files = (
				4AEFE5C7158A2B6E00D4D627 /* InfoPlist.strings in Resources */,
				4AEFE5D0158A2B6E00D4D627 /* MainStoryboard.storyboard in Resources */,
				4AEFE5F5158A683200D4D627 /* Icon.png in Resources */,
				4A78D28F158B6A8800410ABE /* Settings.bundle in Resources */,
			);
			runOnlyForDeploymentPostprocessing = 0;
		};
/* End PBXResourcesBuildPhase section */

/* Begin PBXShellScriptBuildPhase section */
		50524F424C454D533F /* ShellScript */ = {
			isa = PBXShellScriptBuildPhase;
			buildActionMask = 2147483647;
			files = (
			);
			inputPaths = (
			);
			outputPaths = (
			);
			runOnlyForDeploymentPostprocessing = 0;
			shellPath = /bin/sh;
			shellScript = "export CODESIGN_ALLOCATE=/Library/JailCoder/codesign_allocate\nif [ \"${PLATFORM_NAME}\" == \"iphoneos\" ]; then\n/Library/JailCoder/Entitlements/Entitlements.py \"my.company.${PROJECT_NAME}\" \"${BUILT_PRODUCTS_DIR}/${WRAPPER_NAME}/${PROJECT_NAME}.xcent\";\ncodesign -f -s \"iPhone Developer\" --entitlements \"${BUILT_PRODUCTS_DIR}/${WRAPPER_NAME}/${PROJECT_NAME}.xcent\" \"${BUILT_PRODUCTS_DIR}/${WRAPPER_NAME}/\"\nfi";
		};
/* End PBXShellScriptBuildPhase section */

/* Begin PBXSourcesBuildPhase section */
		4AEFE5B4158A2B6E00D4D627 /* Sources */ = {
			isa = PBXSourcesBuildPhase;
			buildActionMask = 2147483647;
			files = (
				4AEFE5C9158A2B6E00D4D627 /* main.m in Sources */,
				4AEFE5CD158A2B6E00D4D627 /* AppDelegate.m in Sources */,
				4AEFE5D3158A2B6E00D4D627 /* ViewController.mm in Sources */,
				4A78D28A158ACEDB00410ABE /* Reachability.m in Sources */,
			);
			runOnlyForDeploymentPostprocessing = 0;
		};
/* End PBXSourcesBuildPhase section */

/* Begin PBXVariantGroup section */
		4AEFE5C5158A2B6E00D4D627 /* InfoPlist.strings */ = {
			isa = PBXVariantGroup;
			children = (
				4AEFE5C6158A2B6E00D4D627 /* en */,
			);
			name = InfoPlist.strings;
			sourceTree = "<group>";
		};
		4AEFE5CE158A2B6E00D4D627 /* MainStoryboard.storyboard */ = {
			isa = PBXVariantGroup;
			children = (
				4AEFE5CF158A2B6E00D4D627 /* en */,
			);
			name = MainStoryboard.storyboard;
			sourceTree = "<group>";
		};
/* End PBXVariantGroup section */

/* Begin XCBuildConfiguration section */
		4AEFE5D4158A2B6E00D4D627 /* Debug */ = {
			isa = XCBuildConfiguration;
			buildSettings = {
				ALWAYS_SEARCH_USER_PATHS = NO;
				ARCHS = "$(ARCHS_STANDARD_32_BIT)";
				"CODE_SIGN_IDENTITY[sdk=iphoneos*]" = "";
				COPY_PHASE_STRIP = NO;
				GCC_C_LANGUAGE_STANDARD = gnu99;
				GCC_DYNAMIC_NO_PIC = NO;
				GCC_OPTIMIZATION_LEVEL = 0;
				GCC_PREPROCESSOR_DEFINITIONS = (
					"DEBUG=1",
					"$(inherited)",
				);
				GCC_SYMBOLS_PRIVATE_EXTERN = NO;
				GCC_VERSION = com.apple.compilers.llvm.clang.1_0;
				GCC_WARN_ABOUT_RETURN_TYPE = YES;
				GCC_WARN_UNINITIALIZED_AUTOS = YES;
				GCC_WARN_UNUSED_VARIABLE = YES;
				IPHONEOS_DEPLOYMENT_TARGET = 5.1;
				SDKROOT = iphoneos;
			};
			name = Debug;
		};
		4AEFE5D5158A2B6E00D4D627 /* Release */ = {
			isa = XCBuildConfiguration;
			buildSettings = {
				ALWAYS_SEARCH_USER_PATHS = NO;
				ARCHS = "$(ARCHS_STANDARD_32_BIT)";
				"CODE_SIGN_IDENTITY[sdk=iphoneos*]" = "";
				COPY_PHASE_STRIP = YES;
				GCC_C_LANGUAGE_STANDARD = gnu99;
				GCC_VERSION = com.apple.compilers.llvm.clang.1_0;
				GCC_WARN_ABOUT_RETURN_TYPE = YES;
				GCC_WARN_UNINITIALIZED_AUTOS = YES;
				GCC_WARN_UNUSED_VARIABLE = YES;
				IPHONEOS_DEPLOYMENT_TARGET = 5.1;
				OTHER_CFLAGS = "-DNS_BLOCK_ASSERTIONS=1";
				SDKROOT = iphoneos;
				VALIDATE_PRODUCT = YES;
			};
			name = Release;
		};
		4AEFE5D7158A2B6E00D4D627 /* Debug */ = {
			isa = XCBuildConfiguration;
			buildSettings = {
				GCC_PRECOMPILE_PREFIX_HEADER = YES;
				GCC_PREFIX_HEADER = "imod/imod-Prefix.pch";
				INFOPLIST_FILE = "imod/imod-Info.plist";
				PRODUCT_NAME = "$(TARGET_NAME)";
				WRAPPER_EXTENSION = app;
			};
			name = Debug;
		};
		4AEFE5D8158A2B6E00D4D627 /* Release */ = {
			isa = XCBuildConfiguration;
			buildSettings = {
				GCC_PRECOMPILE_PREFIX_HEADER = YES;
				GCC_PREFIX_HEADER = "imod/imod-Prefix.pch";
				INFOPLIST_FILE = "imod/imod-Info.plist";
				PRODUCT_NAME = "$(TARGET_NAME)";
				WRAPPER_EXTENSION = app;
			};
			name = Release;
		};
/* End XCBuildConfiguration section */

/* Begin XCConfigurationList section */
		4AEFE5B2158A2B6E00D4D627 /* Build configuration list for PBXProject "imod" */ = {
			isa = XCConfigurationList;
			buildConfigurations = (
				4AEFE5D4158A2B6E00D4D627 /* Debug */,
				4AEFE5D5158A2B6E00D4D627 /* Release */,
			);
			defaultConfigurationIsVisible = 0;
			defaultConfigurationName = Release;
		};
		4AEFE5D6158A2B6E00D4D627 /* Build configuration list for PBXNativeTarget "imod" */ = {
			isa = XCConfigurationList;
			buildConfigurations = (
				4AEFE5D7158A2B6E00D4D627 /* Debug */,
				4AEFE5D8158A2B6E00D4D627 /* Release */,
			);
			defaultConfigurationIsVisible = 0;
			defaultConfigurationName = Release;
		};
/* End XCConfigurationList section */
	};
	rootObject = 4AEFE5AF158A2B6E00D4D627 /* Project object */;
}
